
Microsoft Visual Studio Solution File, Format Version 12.00
# Visual Studio 2012
Project("{FAE04EC0-301F-11D3-BF4B-00C04F79EFBC}") = "Xamarin-BFPaperTabBarController", "Xamarin-BFPaperTabBarController\Xamarin-BFPaperTabBarController.csproj", "{FCC918D3-0D99-45C4-8668-45CE9AFCA594}"
EndProject
Global
	GlobalSection(SolutionConfigurationPlatforms) = preSolution
		Debug|Any CPU = Debug|Any CPU
		Release|Any CPU = Release|Any CPU
	EndGlobalSection
	GlobalSection(ProjectConfigurationPlatforms) = postSolution
		{FCC918D3-0D99-45C4-8668-45CE9AFCA594}.Debug|Any CPU.ActiveCfg = Debug|Any CPU
		{FCC918D3-0D99-45C4-8668-45CE9AFCA594}.Debug|Any CPU.Build.0 = Debug|Any CPU
		{FCC918D3-0D99-45C4-8668-45CE9AFCA594}.Release|Any CPU.ActiveCfg = Release|Any CPU
		{FCC918D3-0D99-45C4-8668-45CE9AFCA594}.Release|Any CPU.Build.0 = Release|Any CPU
	EndGlobalSection
	GlobalSection(MonoDevelopProperties) = preSolution
		StartupItem = Xamarin-BFPaperTabBarController\Xamarin-BFPaperTabBarController.csproj
	EndGlobalSection
EndGlobal
